
Microsoft Visual Studio Solution File, Format Version 12.00
# Visual Studio Version 17
VisualStudioVersion = 17.10.34916.146
MinimumVisualStudioVersion = 10.0.40219.1
Project("{FAE04EC0-301F-11D3-BF4B-00C04F79EFBC}") = "KursavayaECS", "KursavayaECS\KursavayaECS.csproj", "{5022BFFC-8941-4F1A-B112-14EEAD459877}"
EndProject
Global
	GlobalSection(SolutionConfigurationPlatforms) = preSolution
		Debug|Any CPU = Debug|Any CPU
		Release|Any CPU = Release|Any CPU
	EndGlobalSection
	GlobalSection(ProjectConfigurationPlatforms) = postSolution
		{5022BFFC-8941-4F1A-B112-14EEAD459877}.Debug|Any CPU.ActiveCfg = Debug|Any CPU
		{5022BFFC-8941-4F1A-B112-14EEAD459877}.Debug|Any CPU.Build.0 = Debug|Any CPU
		{5022BFFC-8941-4F1A-B112-14EEAD459877}.Release|Any CPU.ActiveCfg = Release|Any CPU
		{5022BFFC-8941-4F1A-B112-14EEAD459877}.Release|Any CPU.Build.0 = Release|Any CPU
	EndGlobalSection
	GlobalSection(SolutionProperties) = preSolution
		HideSolutionNode = FALSE
	EndGlobalSection
	GlobalSection(ExtensibilityGlobals) = postSolution
		SolutionGuid = {967983DF-5F71-48BD-81B3-F2E629A25C1C}
	EndGlobalSection
EndGlobal
